{
  "lockfile_version": "1",
  "packages": {
    "github:NixOS/nixpkgs/nixpkgs-unstable": {
      "resolved": "github:NixOS/nixpkgs/b3582c75c7f21ce0b429898980eddbbf05c68e55?lastModified=1746576598&narHash=sha256-FshoQvr6Aor5SnORVvh%2FZdJ1Sa2U4ZrIMwKBX5k2wu0%3D"
    },
    "nodejs@22": {
      "last_modified": "2025-05-04T22:22:57Z",
      "plugin_version": "0.0.2",
      "resolved": "github:NixOS/nixpkgs/ed30f8aba41605e3ab46421e3dcb4510ec560ff8#nodejs_22",
      "source": "devbox-search",
      "version": "22.14.0",
      "systems": {
        "aarch64-darwin": {
          "outputs": [
            {
              "name": "out",
              "path": "/nix/store/2ribxb3gi87gj4331m6k0ydn0z90zfi7-nodejs-22.14.0",
              "default": true
            },
            {
              "name": "dev",
              "path": "/nix/store/zbr4fi11j897pa9jikqpviz57kagvizv-nodejs-22.14.0-dev"
            },
            {
              "name": "libv8",
              "path": "/nix/store/9rp5sb2nb5549qqax4v6ly4glixjm6d5-nodejs-22.14.0-libv8"
            }
          ],
          "store_path": "/nix/store/2ribxb3gi87gj4331m6k0ydn0z90zfi7-nodejs-22.14.0"
        },
        "aarch64-linux": {
          "outputs": [
            {
              "name": "out",
              "path": "/nix/store/8v7hqm22mk2w725sqwqcnym5jznqmn64-nodejs-22.14.0",
              "default": true
            },
            {
              "name": "dev",
              "path": "/nix/store/9hv74w50r20z1f1flnpza0aicz5agg8i-nodejs-22.14.0-dev"
            },
            {
              "name": "libv8",
              "path": "/nix/store/ww17b0kj7zawsa17l2kw5yi6019lddfy-nodejs-22.14.0-libv8"
            }
          ],
          "store_path": "/nix/store/8v7hqm22mk2w725sqwqcnym5jznqmn64-nodejs-22.14.0"
        },
        "x86_64-darwin": {
          "outputs": [
            {
              "name": "out",
              "path": "/nix/store/v0hpyc6r6qdwvydvgybn51jvajxqxz9f-nodejs-22.14.0",
              "default": true
            },
            {
              "name": "dev",
              "path": "/nix/store/ip5m8y2wj2cw44r1gh6yc7718qxsjphp-nodejs-22.14.0-dev"
            },
            {
              "name": "libv8",
              "path": "/nix/store/mmyh4261jrk7i9wylz6pjrp1rllvpfvs-nodejs-22.14.0-libv8"
            }
          ],
          "store_path": "/nix/store/v0hpyc6r6qdwvydvgybn51jvajxqxz9f-nodejs-22.14.0"
        },
        "x86_64-linux": {
          "outputs": [
            {
              "name": "out",
              "path": "/nix/store/50lhzpd68v47x6jy0b8b3p91n2zv3lv4-nodejs-22.14.0",
              "default": true
            },
            {
              "name": "dev",
              "path": "/nix/store/sbqvdlpp1zp6fdr3cb0mqyprjbcf2ihn-nodejs-22.14.0-dev"
            },
            {
              "name": "libv8",
              "path": "/nix/store/ianbd6y7fbm32073q239zdxlcmjwvm57-nodejs-22.14.0-libv8"
            }
          ],
          "store_path": "/nix/store/50lhzpd68v47x6jy0b8b3p91n2zv3lv4-nodejs-22.14.0"
        }
      }
    }
  }
}
